
Microsoft Visual Studio Solution File, Format Version 12.00
# Visual Studio Version 17
VisualStudioVersion = 17.0.31903.59
MinimumVisualStudioVersion = 10.0.40219.1
Project("{9A19103F-16F7-4668-BE54-9A1E7A4F7556}") = "MazeGame", "MazeGame\MazeGame.csproj", "{CDB0EED9-5A96-406F-A013-3FEA3F63736D}"
EndProject
Project("{9A19103F-16F7-4668-BE54-9A1E7A4F7556}") = "Maze", "Maze\Maze.csproj", "{463BD7EA-13E1-4CA2-8BD1-4AD8EBC0DC4B}"
EndProject
Project("{9A19103F-16F7-4668-BE54-9A1E7A4F7556}") = "MazeTests", "MazeTests\MazeTests.csproj", "{E9BE8E2F-AE84-47B8-A2E2-0CA356A5DA27}"
EndProject
Project("{FAE04EC0-301F-11D3-BF4B-00C04F79EFBC}") = "MazeRecursion", "MazeRecursion\MazeRecursion.csproj", "{1C4D5567-7CDE-4A22-B532-3C2C2513488F}"
EndProject
Project("{FAE04EC0-301F-11D3-BF4B-00C04F79EFBC}") = "MazeRecursionTests", "MazeRecursionTests\MazeRecursionTests.csproj", "{4CF1558D-6247-4A47-BF69-F2E276BD8645}"
EndProject
Project("{FAE04EC0-301F-11D3-BF4B-00C04F79EFBC}") = "MazeHuntKill", "MazeHuntKill\MazeHuntKill.csproj", "{F3664F49-1E19-44E5-AD0E-3F4950BB91D0}"
EndProject
Project("{FAE04EC0-301F-11D3-BF4B-00C04F79EFBC}") = "MazeHuntKillTests", "MazeHuntKillTests\MazeHuntKillTests.csproj", "{2427347F-84B1-48D6-85D6-524A9A031F57}"
EndProject
Global
	GlobalSection(SolutionConfigurationPlatforms) = preSolution
		Debug|Any CPU = Debug|Any CPU
		Release|Any CPU = Release|Any CPU
	EndGlobalSection
	GlobalSection(ProjectConfigurationPlatforms) = postSolution
		{CDB0EED9-5A96-406F-A013-3FEA3F63736D}.Debug|Any CPU.ActiveCfg = Debug|Any CPU
		{CDB0EED9-5A96-406F-A013-3FEA3F63736D}.Debug|Any CPU.Build.0 = Debug|Any CPU
		{CDB0EED9-5A96-406F-A013-3FEA3F63736D}.Release|Any CPU.ActiveCfg = Release|Any CPU
		{CDB0EED9-5A96-406F-A013-3FEA3F63736D}.Release|Any CPU.Build.0 = Release|Any CPU
		{463BD7EA-13E1-4CA2-8BD1-4AD8EBC0DC4B}.Debug|Any CPU.ActiveCfg = Debug|Any CPU
		{463BD7EA-13E1-4CA2-8BD1-4AD8EBC0DC4B}.Debug|Any CPU.Build.0 = Debug|Any CPU
		{463BD7EA-13E1-4CA2-8BD1-4AD8EBC0DC4B}.Release|Any CPU.ActiveCfg = Release|Any CPU
		{463BD7EA-13E1-4CA2-8BD1-4AD8EBC0DC4B}.Release|Any CPU.Build.0 = Release|Any CPU
		{E9BE8E2F-AE84-47B8-A2E2-0CA356A5DA27}.Debug|Any CPU.ActiveCfg = Debug|Any CPU
		{E9BE8E2F-AE84-47B8-A2E2-0CA356A5DA27}.Debug|Any CPU.Build.0 = Debug|Any CPU
		{E9BE8E2F-AE84-47B8-A2E2-0CA356A5DA27}.Release|Any CPU.ActiveCfg = Release|Any CPU
		{E9BE8E2F-AE84-47B8-A2E2-0CA356A5DA27}.Release|Any CPU.Build.0 = Release|Any CPU
		{1C4D5567-7CDE-4A22-B532-3C2C2513488F}.Debug|Any CPU.ActiveCfg = Debug|Any CPU
		{1C4D5567-7CDE-4A22-B532-3C2C2513488F}.Debug|Any CPU.Build.0 = Debug|Any CPU
		{1C4D5567-7CDE-4A22-B532-3C2C2513488F}.Release|Any CPU.ActiveCfg = Release|Any CPU
		{1C4D5567-7CDE-4A22-B532-3C2C2513488F}.Release|Any CPU.Build.0 = Release|Any CPU
		{4CF1558D-6247-4A47-BF69-F2E276BD8645}.Debug|Any CPU.ActiveCfg = Debug|Any CPU
		{4CF1558D-6247-4A47-BF69-F2E276BD8645}.Debug|Any CPU.Build.0 = Debug|Any CPU
		{4CF1558D-6247-4A47-BF69-F2E276BD8645}.Release|Any CPU.ActiveCfg = Release|Any CPU
		{4CF1558D-6247-4A47-BF69-F2E276BD8645}.Release|Any CPU.Build.0 = Release|Any CPU
		{F3664F49-1E19-44E5-AD0E-3F4950BB91D0}.Debug|Any CPU.ActiveCfg = Debug|Any CPU
		{F3664F49-1E19-44E5-AD0E-3F4950BB91D0}.Debug|Any CPU.Build.0 = Debug|Any CPU
		{F3664F49-1E19-44E5-AD0E-3F4950BB91D0}.Release|Any CPU.ActiveCfg = Release|Any CPU
		{F3664F49-1E19-44E5-AD0E-3F4950BB91D0}.Release|Any CPU.Build.0 = Release|Any CPU
		{2427347F-84B1-48D6-85D6-524A9A031F57}.Debug|Any CPU.ActiveCfg = Debug|Any CPU
		{2427347F-84B1-48D6-85D6-524A9A031F57}.Debug|Any CPU.Build.0 = Debug|Any CPU
		{2427347F-84B1-48D6-85D6-524A9A031F57}.Release|Any CPU.ActiveCfg = Release|Any CPU
		{2427347F-84B1-48D6-85D6-524A9A031F57}.Release|Any CPU.Build.0 = Release|Any CPU
	EndGlobalSection
	GlobalSection(SolutionProperties) = preSolution
		HideSolutionNode = FALSE
	EndGlobalSection
	GlobalSection(ExtensibilityGlobals) = postSolution
		SolutionGuid = {443FA7C1-79DB-4A99-94B4-97158D0B2460}
	EndGlobalSection
EndGlobal
